<?xml version="1.0" encoding="utf-8"?>
<Project ToolsVersion="4.0" xmlns="http://schemas.microsoft.com/developer/msbuild/2003">
  <ItemGroup>
    <ClCompile Include="dllmain.cpp" />
    <ClCompile Include="NFWordsFilterPlugin.cpp" />
    <ClCompile Include="WordsFilterModule.cpp" />
  </ItemGroup>
  <ItemGroup>
    <ClInclude Include="NFWordsFilterPlugin.h" />
    <ClInclude Include="WordsFilterModule.h" />
  </ItemGroup>
</Project>